{
  "requires": true,
  "lockfileVersion": 1,
  "dependencies": {
    "@microsoft/applicationinsights-analytics-js": {
      "version": "2.5.5",
      "resolved": "https://registry.npmjs.org/@microsoft/applicationinsights-analytics-js/-/applicationinsights-analytics-js-2.5.5.tgz",
      "integrity": "sha512-Sh2eYdVKBBAV1Wj1fSY41Vd1uZXSBq60mlhelJ63uIBGEKmd74KRHYnQH9+binMpXhAXJ4YnUN5scFBQfp03GQ==",
      "requires": {
        "@microsoft/applicationinsights-common": "2.5.5",
        "@microsoft/applicationinsights-core-js": "2.5.5",
        "@microsoft/applicationinsights-shims": "1.0.0",
        "@microsoft/dynamicproto-js": "^0.5.2"
      }
    },
    "@microsoft/applicationinsights-channel-js": {
      "version": "2.5.5",
      "resolved": "https://registry.npmjs.org/@microsoft/applicationinsights-channel-js/-/applicationinsights-channel-js-2.5.5.tgz",
      "integrity": "sha512-6gAn8q2Wi65cyE2WWQfx4SIRym6VFBPhWJH4Tgt9mxunxzEzNWw5pJWzGX5DMB+25r7WgLBVXTUtoAFwmcG6tg==",
      "requires": {
        "@microsoft/applicationinsights-common": "2.5.5",
        "@microsoft/applicationinsights-core-js": "2.5.5",
        "@microsoft/applicationinsights-shims": "1.0.0"
      }
    },
    "@microsoft/applicationinsights-common": {
      "version": "2.5.5",
      "resolved": "https://registry.npmjs.org/@microsoft/applicationinsights-common/-/applicationinsights-common-2.5.5.tgz",
      "integrity": "sha512-SI2F0fdRfYrbQWKQqxNtpkT+BwtfqqIN6xGlAq7sxffn9ZF+YpL3HpMNxCePUg0KarFhG0ykDr/CfrHur0Q0Iw==",
      "requires": {
        "@microsoft/applicationinsights-core-js": "2.5.5",
        "@microsoft/applicationinsights-shims": "1.0.0"
      }
    },
    "@microsoft/applicationinsights-core-js": {
      "version": "2.5.5",
      "resolved": "https://registry.npmjs.org/@microsoft/applicationinsights-core-js/-/applicationinsights-core-js-2.5.5.tgz",
      "integrity": "sha512-vBV6Q0W9QZI2d1CnX2wOeAbGO4+xLGxlST6J4vvQ0gtR/fX/jjIYwr2+go+iimuvSmdtyzzhTlfO518XJ6XR+Q==",
      "requires": {
        "@microsoft/applicationinsights-shims": "1.0.0",
        "@microsoft/dynamicproto-js": "^0.5.2"
      }
    },
    "@microsoft/applicationinsights-dependencies-js": {
      "version": "2.5.5",
      "resolved": "https://registry.npmjs.org/@microsoft/applicationinsights-dependencies-js/-/applicationinsights-dependencies-js-2.5.5.tgz",
      "integrity": "sha512-uOmLxkF6316dbklG75OIGE6bF8Ewb2WO6nFQyUXoIhBTDGEy1vhV4jPWKEPpZc8MAqqXv6PM5+fNtSwdP5fJYA==",
      "requires": {
        "@microsoft/applicationinsights-common": "2.5.5",
        "@microsoft/applicationinsights-core-js": "2.5.5",
        "@microsoft/applicationinsights-shims": "1.0.0",
        "@microsoft/dynamicproto-js": "^0.5.2"
      }
    },
    "@microsoft/applicationinsights-properties-js": {
      "version": "2.5.5",
      "resolved": "https://registry.npmjs.org/@microsoft/applicationinsights-properties-js/-/applicationinsights-properties-js-2.5.5.tgz",
      "integrity": "sha512-o8lnv1+BL0EHxZhfUgEuImnpY+403IXZRGI28hTuyjxIucRr0X/rajuKgqb1KfW/Nb9WALgiqkLNmK/kR2esXw==",
      "requires": {
        "@microsoft/applicationinsights-common": "2.5.5",
        "@microsoft/applicationinsights-core-js": "2.5.5",
        "@microsoft/applicationinsights-shims": "1.0.0"
      }
    },
    "@microsoft/applicationinsights-shims": {
      "version": "1.0.0",
      "resolved": "https://registry.npmjs.org/@microsoft/applicationinsights-shims/-/applicationinsights-shims-1.0.0.tgz",
      "integrity": "sha512-huUHn7LsfSohsr7TqkU+YlmXjySubGq6l9UNBtAJDaT4qSI1W7aA5htoPCnaXnUhsk1LpYybOSAAMRkEJFesPw=="
    },
    "@microsoft/applicationinsights-web": {
      "version": "2.5.5",
      "resolved": "https://registry.npmjs.org/@microsoft/applicationinsights-web/-/applicationinsights-web-2.5.5.tgz",
      "integrity": "sha512-k4cYJVRKTRZH70IBfDb/DN4NnbyKow4/KDBfG3XDAoG7VXnMbLvrnU1S8Jv147JFNqNEJvBb44zpIurq4I/2pw==",
      "requires": {
        "@microsoft/applicationinsights-analytics-js": "2.5.5",
        "@microsoft/applicationinsights-channel-js": "2.5.5",
        "@microsoft/applicationinsights-common": "2.5.5",
        "@microsoft/applicationinsights-core-js": "2.5.5",
        "@microsoft/applicationinsights-dependencies-js": "2.5.5",
        "@microsoft/applicationinsights-properties-js": "2.5.5",
        "@microsoft/applicationinsights-shims": "1.0.0",
        "@microsoft/dynamicproto-js": "^0.5.2"
      }
    },
    "@microsoft/dynamicproto-js": {
      "version": "0.5.2",
      "resolved": "https://registry.npmjs.org/@microsoft/dynamicproto-js/-/dynamicproto-js-0.5.2.tgz",
      "integrity": "sha512-tGwZJLtLVK96OKl5/pHeZFgi28rnKJB2DQ0V/28SVQnv9tC/OXCNOrvvvtIZM6wp1YJwqVSFnyp46w3azDjC0Q=="
    },
    "@uipath/robot": {
      "version": "1.2.0",
      "resolved": "https://registry.npmjs.org/@uipath/robot/-/robot-1.2.0.tgz",
      "integrity": "sha512-5HMK6AjeAhDBQ4Vg4q7cSvsFuXiojH+TuP4CCPEvdcmUy1eIU6kSHYSu9B9ZIzxEL8utyY++kr5YCTsxT7bFAg==",
      "requires": {
        "@microsoft/applicationinsights-web": "^2.4.4"
      }
    },
    "bmp-js": {
      "version": "0.1.0",
      "resolved": "https://registry.npmjs.org/bmp-js/-/bmp-js-0.1.0.tgz",
      "integrity": "sha1-4Fpj95amwf8l9Hcex62twUjAcjM="
    },
    "file-type": {
      "version": "12.4.2",
      "resolved": "https://registry.npmjs.org/file-type/-/file-type-12.4.2.tgz",
      "integrity": "sha512-UssQP5ZgIOKelfsaB5CuGAL+Y+q7EmONuiwF3N5HAH0t27rvrttgi6Ra9k/+DVaY9UF6+ybxu5pOXLUdA8N7Vg=="
    },
    "idb-keyval": {
      "version": "3.2.0",
      "resolved": "https://registry.npmjs.org/idb-keyval/-/idb-keyval-3.2.0.tgz",
      "integrity": "sha512-slx8Q6oywCCSfKgPgL0sEsXtPVnSbTLWpyiDcu6msHOyKOLari1TD1qocXVCft80umnkk3/Qqh3lwoFt8T/BPQ=="
    },
    "is-electron": {
      "version": "2.2.0",
      "resolved": "https://registry.npmjs.org/is-electron/-/is-electron-2.2.0.tgz",
      "integrity": "sha512-SpMppC2XR3YdxSzczXReBjqs2zGscWQpBIKqwXYBFic0ERaxNVgwLCHwOLZeESfdJQjX0RDvrJ1lBXX2ij+G1Q=="
    },
    "is-url": {
      "version": "1.2.4",
      "resolved": "https://registry.npmjs.org/is-url/-/is-url-1.2.4.tgz",
      "integrity": "sha512-ITvGim8FhRiYe4IQ5uHSkj7pVaPDrCTkNd3yq3cV7iZAcJdHTUMPMEHcqSOy9xZ9qFenQCvi+2wjH9a1nXqHww=="
    },
    "node-fetch": {
      "version": "2.6.0",
      "resolved": "https://registry.npmjs.org/node-fetch/-/node-fetch-2.6.0.tgz",
      "integrity": "sha512-8dG4H5ujfvFiqDmVu9fQ5bOHUC15JMjMY/Zumv26oOvvVJjM67KF8koCWIabKQ1GJIa9r2mMZscBq/TbdOcmNA=="
    },
    "opencollective-postinstall": {
      "version": "2.0.3",
      "resolved": "https://registry.npmjs.org/opencollective-postinstall/-/opencollective-postinstall-2.0.3.tgz",
      "integrity": "sha512-8AV/sCtuzUeTo8gQK5qDZzARrulB3egtLzFgteqB2tcT4Mw7B8Kt7JcDHmltjz6FOAHsvTevk70gZEbhM4ZS9Q=="
    },
    "regenerator-runtime": {
      "version": "0.13.5",
      "resolved": "https://registry.npmjs.org/regenerator-runtime/-/regenerator-runtime-0.13.5.tgz",
      "integrity": "sha512-ZS5w8CpKFinUzOwW3c83oPeVXoNsrLsaCoLtJvAClH135j/R77RuymhiSErhm2lKcwSCIpmvIWSbDkIfAqKQlA=="
    },
    "resolve-url": {
      "version": "0.2.1",
      "resolved": "https://registry.npmjs.org/resolve-url/-/resolve-url-0.2.1.tgz",
      "integrity": "sha1-LGN/53yJOv0qZj/iGqkIAGjiBSo="
    },
    "tesseract.js": {
      "version": "2.1.1",
      "resolved": "https://registry.npmjs.org/tesseract.js/-/tesseract.js-2.1.1.tgz",
      "integrity": "sha512-utg0A8UzT1KwBvZf+UMGmM8LU6izeol6yIem0Z44+7Qqd/YWgRVQ99XOG18ApTOXX48lGE++PDwlcZYkv0ygRQ==",
      "requires": {
        "bmp-js": "^0.1.0",
        "file-type": "^12.4.1",
        "idb-keyval": "^3.2.0",
        "is-electron": "^2.2.0",
        "is-url": "^1.2.4",
        "node-fetch": "^2.6.0",
        "opencollective-postinstall": "^2.0.2",
        "regenerator-runtime": "^0.13.3",
        "resolve-url": "^0.2.1",
        "tesseract.js-core": "^2.2.0",
        "zlibjs": "^0.3.1"
      }
    },
    "tesseract.js-core": {
      "version": "2.2.0",
      "resolved": "https://registry.npmjs.org/tesseract.js-core/-/tesseract.js-core-2.2.0.tgz",
      "integrity": "sha512-a8L+OJTbUipBsEDsJhDPlnLB0TY1MkTZqw5dqUwmiDSjUzwvU7HWLg/2+WDRulKUi4LE+7PnHlaBlW0k+V0U0w=="
    },
    "zlibjs": {
      "version": "0.3.1",
      "resolved": "https://registry.npmjs.org/zlibjs/-/zlibjs-0.3.1.tgz",
      "integrity": "sha1-UBl+2yihxCymWcyLTmqd3W1ERVQ="
    }
  }
}
